
Microsoft Visual Studio Solution File, Format Version 12.00
# Visual Studio Version 17
VisualStudioVersion = 17.1.32228.430
MinimumVisualStudioVersion = 10.0.40219.1
Project("{FAE04EC0-301F-11D3-BF4B-00C04F79EFBC}") = "PathfinderKingmaker_PortraitsRepository", "PathfinderKingmaker_PortraitsRepository\PathfinderKingmaker_PortraitsRepository.csproj", "{9CD520E9-E8F4-4548-A726-800EAE3ED526}"
EndProject
Project("{2150E333-8FDC-42A3-9474-1A3956D46DE8}") = "Solution Items", "Solution Items", "{F337F14A-16AE-4F57-A124-EE236A93B509}"
	ProjectSection(SolutionItems) = preProject
		.gitignore = .gitignore
	EndProjectSection
EndProject
Global
	GlobalSection(SolutionConfigurationPlatforms) = preSolution
		Debug|Any CPU = Debug|Any CPU
		Release|Any CPU = Release|Any CPU
	EndGlobalSection
	GlobalSection(ProjectConfigurationPlatforms) = postSolution
		{9CD520E9-E8F4-4548-A726-800EAE3ED526}.Debug|Any CPU.ActiveCfg = Debug|Any CPU
		{9CD520E9-E8F4-4548-A726-800EAE3ED526}.Debug|Any CPU.Build.0 = Debug|Any CPU
		{9CD520E9-E8F4-4548-A726-800EAE3ED526}.Release|Any CPU.ActiveCfg = Release|Any CPU
		{9CD520E9-E8F4-4548-A726-800EAE3ED526}.Release|Any CPU.Build.0 = Release|Any CPU
	EndGlobalSection
	GlobalSection(SolutionProperties) = preSolution
		HideSolutionNode = FALSE
	EndGlobalSection
	GlobalSection(ExtensibilityGlobals) = postSolution
		SolutionGuid = {0E6275B0-FFA5-4533-A138-EA4F60584480}
	EndGlobalSection
EndGlobal
